
Microsoft Visual Studio Solution File, Format Version 12.00
# Visual Studio Version 17
VisualStudioVersion = 17.8.34525.116
MinimumVisualStudioVersion = 10.0.40219.1
Project("{9A19103F-16F7-4668-BE54-9A1E7A4F7556}") = "ReiCalcApp", "ReiCalcApp\ReiCalcApp.csproj", "{5C9C3804-7BCC-4693-B32B-86937AB22CCB}"
EndProject
Project("{9A19103F-16F7-4668-BE54-9A1E7A4F7556}") = "ReiCalcLib", "ReiCalcLib\ReiCalcLib.csproj", "{D2615332-5BE8-4A6B-AD99-91B3082C97EF}"
EndProject
Project("{9A19103F-16F7-4668-BE54-9A1E7A4F7556}") = "ReiCalcConsole", "ReiCalcConsole\ReiCalcConsole.csproj", "{C33F6D44-E14F-4CC2-9708-117CBC1A21F3}"
EndProject
Global
	GlobalSection(SolutionConfigurationPlatforms) = preSolution
		Debug|Any CPU = Debug|Any CPU
		Release|Any CPU = Release|Any CPU
	EndGlobalSection
	GlobalSection(ProjectConfigurationPlatforms) = postSolution
		{5C9C3804-7BCC-4693-B32B-86937AB22CCB}.Debug|Any CPU.ActiveCfg = Debug|Any CPU
		{5C9C3804-7BCC-4693-B32B-86937AB22CCB}.Debug|Any CPU.Build.0 = Debug|Any CPU
		{5C9C3804-7BCC-4693-B32B-86937AB22CCB}.Release|Any CPU.ActiveCfg = Release|Any CPU
		{5C9C3804-7BCC-4693-B32B-86937AB22CCB}.Release|Any CPU.Build.0 = Release|Any CPU
		{D2615332-5BE8-4A6B-AD99-91B3082C97EF}.Debug|Any CPU.ActiveCfg = Debug|Any CPU
		{D2615332-5BE8-4A6B-AD99-91B3082C97EF}.Debug|Any CPU.Build.0 = Debug|Any CPU
		{D2615332-5BE8-4A6B-AD99-91B3082C97EF}.Release|Any CPU.ActiveCfg = Release|Any CPU
		{D2615332-5BE8-4A6B-AD99-91B3082C97EF}.Release|Any CPU.Build.0 = Release|Any CPU
		{C33F6D44-E14F-4CC2-9708-117CBC1A21F3}.Debug|Any CPU.ActiveCfg = Debug|Any CPU
		{C33F6D44-E14F-4CC2-9708-117CBC1A21F3}.Debug|Any CPU.Build.0 = Debug|Any CPU
		{C33F6D44-E14F-4CC2-9708-117CBC1A21F3}.Release|Any CPU.ActiveCfg = Release|Any CPU
		{C33F6D44-E14F-4CC2-9708-117CBC1A21F3}.Release|Any CPU.Build.0 = Release|Any CPU
	EndGlobalSection
	GlobalSection(SolutionProperties) = preSolution
		HideSolutionNode = FALSE
	EndGlobalSection
	GlobalSection(ExtensibilityGlobals) = postSolution
		SolutionGuid = {55D01E57-9E13-44A2-96BA-279709589A98}
	EndGlobalSection
EndGlobal
